{
  "name": "patient-validator",
  "version": "1.0.0",
  "lockfileVersion": 2,
  "requires": true,
  "packages": {
    "": {
      "name": "patient-validator",
      "version": "1.0.0",
      "license": "ISC",
      "dependencies": {
        "@andes/bootstrap": "file:../bootstrap"
      }
    },
    "../bootstrap": {
      "name": "@andes/bootstrap",
      "version": "1.0.0",
      "bundleDependencies": [
        "body-parser",
        "debug",
        "express",
        "http-status-codes",
        "jsonwebtoken",
        "passport",
        "passport-jwt",
        "require-dir",
        "typescript"
      ],
      "license": "ISC",
      "dependencies": {
        "@andes/log": "^1.0.9",
        "body-parser": "^1.18.3",
        "debug": "^3.1.0",
        "express": "^4.16.3",
        "express-query-boolean": "^2.0.0",
        "http-status-codes": "^1.3.0",
        "jsonwebtoken": "^8.3.0",
        "mongoose": "^5.3.12",
        "passport": "^0.4.0",
        "passport-jwt": "^4.0.0",
        "require-dir": "^1.0.0",
        "typescript": "^2.9.2"
      },
      "devDependencies": {}
    },
    "../bootstrap/node_modules/accepts": {
      "version": "1.3.5",
      "integrity": "sha1-63d99gEXI6OxTopywIBcjoZ0a9I=",
      "inBundle": true,
      "dependencies": {
        "mime-types": "~2.1.18",
        "negotiator": "0.6.1"
      },
      "engines": {
        "node": ">= 0.6"
      }
    },
    "../bootstrap/node_modules/array-flatten": {
      "version": "1.1.1",
      "integrity": "sha1-ml9pkFGx5wczKPKgCJaLZOopVdI=",
      "inBundle": true
    },
    "../bootstrap/node_modules/body-parser": {
      "version": "1.18.3",
      "integrity": "sha1-WykhmP/dVTs6DyDe0FkrlWlVyLQ=",
      "inBundle": true,
      "dependencies": {
        "bytes": "3.0.0",
        "content-type": "~1.0.4",
        "debug": "2.6.9",
        "depd": "~1.1.2",
        "http-errors": "~1.6.3",
        "iconv-lite": "0.4.23",
        "on-finished": "~2.3.0",
        "qs": "6.5.2",
        "raw-body": "2.3.3",
        "type-is": "~1.6.16"
      },
      "engines": {
        "node": ">= 0.8"
      }
    },
    "../bootstrap/node_modules/body-parser/node_modules/debug": {
      "version": "2.6.9",
      "integrity": "sha512-bC7ElrdJaJnPbAP+1EotYvqZsb3ecl5wi6Bfi6BJTUcNowp6cvspg0jXznRTKDjm/E7AdgFBVeAPVMNcKGsHMA==",
      "inBundle": true,
      "dependencies": {
        "ms": "2.0.0"
      }
    },
    "../bootstrap/node_modules/buffer-equal-constant-time": {
      "version": "1.0.1",
      "integrity": "sha1-+OcRMvf/5uAaXJaXpMbz5I1cyBk=",
      "inBundle": true
    },
    "../bootstrap/node_modules/bytes": {
      "version": "3.0.0",
      "integrity": "sha1-0ygVQE1olpn4Wk6k+odV3ROpYEg=",
      "inBundle": true,
      "engines": {
        "node": ">= 0.8"
      }
    },
    "../bootstrap/node_modules/content-disposition": {
      "version": "0.5.2",
      "integrity": "sha1-DPaLud318r55YcOoUXjLhdunjLQ=",
      "inBundle": true,
      "engines": {
        "node": ">= 0.6"
      }
    },
    "../bootstrap/node_modules/content-type": {
      "version": "1.0.4",
      "integrity": "sha512-hIP3EEPs8tB9AT1L+NUqtwOAps4mk2Zob89MWXMHjHWg9milF/j4osnnQLXBCBFBk/tvIG/tUc9mOUJiPBhPXA==",
      "inBundle": true,
      "engines": {
        "node": ">= 0.6"
      }
    },
    "../bootstrap/node_modules/cookie": {
      "version": "0.3.1",
      "integrity": "sha1-5+Ch+e9DtMi6klxcWpboBtFoc7s=",
      "inBundle": true,
      "engines": {
        "node": ">= 0.6"
      }
    },
    "../bootstrap/node_modules/cookie-signature": {
      "version": "1.0.6",
      "integrity": "sha1-4wOogrNCzD7oylE6eZmXNNqzriw=",
      "inBundle": true
    },
    "../bootstrap/node_modules/debug": {
      "version": "3.2.5",
      "integrity": "sha512-D61LaDQPQkxJ5AUM2mbSJRbPkNs/TmdmOeLAi1hgDkpDfIfetSrjmWhccwtuResSwMbACjx/xXQofvM9CE/aeg==",
      "deprecated": "Debug versions >=3.2.0 <3.2.7 || >=4 <4.3.1 have a low-severity ReDos regression when used in a Node.js environment. It is recommended you upgrade to 3.2.7 or 4.3.1. (https://github.com/visionmedia/debug/issues/797)",
      "inBundle": true,
      "dependencies": {
        "ms": "^2.1.1"
      }
    },
    "../bootstrap/node_modules/debug/node_modules/ms": {
      "version": "2.1.1",
      "integrity": "sha512-tgp+dl5cGk28utYktBsrFqA7HKgrhgPsg6Z/EfhWI4gl1Hwq8B/GmY/0oXZ6nF8hDVesS/FpnYaD/kOWhYQvyg==",
      "inBundle": true
    },
    "../bootstrap/node_modules/depd": {
      "version": "1.1.2",
      "integrity": "sha1-m81S4UwJd2PnSbJ0xDRu0uVgtak=",
      "inBundle": true,
      "engines": {
        "node": ">= 0.6"
      }
    },
    "../bootstrap/node_modules/destroy": {
      "version": "1.0.4",
      "integrity": "sha1-l4hXRCxEdJ5CBmE+N5RiBYJqvYA=",
      "inBundle": true
    },
    "../bootstrap/node_modules/ecdsa-sig-formatter": {
      "version": "1.0.10",
      "integrity": "sha1-HFlQAPBKiJffuFAAiSoPTDOvhsM=",
      "inBundle": true,
      "dependencies": {
        "safe-buffer": "^5.0.1"
      }
    },
    "../bootstrap/node_modules/ee-first": {
      "version": "1.1.1",
      "integrity": "sha1-WQxhFWsK4vTwJVcyoViyZrxWsh0=",
      "inBundle": true
    },
    "../bootstrap/node_modules/encodeurl": {
      "version": "1.0.2",
      "integrity": "sha1-rT/0yG7C0CkyL1oCw6mmBslbP1k=",
      "inBundle": true,
      "engines": {
        "node": ">= 0.8"
      }
    },
    "../bootstrap/node_modules/escape-html": {
      "version": "1.0.3",
      "integrity": "sha1-Aljq5NPQwJdN4cFpGI7wBR0dGYg=",
      "inBundle": true
    },
    "../bootstrap/node_modules/etag": {
      "version": "1.8.1",
      "integrity": "sha1-Qa4u62XvpiJorr/qg6x9eSmbCIc=",
      "inBundle": true,
      "engines": {
        "node": ">= 0.6"
      }
    },
    "../bootstrap/node_modules/express": {
      "version": "4.16.3",
      "integrity": "sha1-avilAjUNsyRuzEvs9rWjTSL37VM=",
      "inBundle": true,
      "dependencies": {
        "accepts": "~1.3.5",
        "array-flatten": "1.1.1",
        "body-parser": "1.18.2",
        "content-disposition": "0.5.2",
        "content-type": "~1.0.4",
        "cookie": "0.3.1",
        "cookie-signature": "1.0.6",
        "debug": "2.6.9",
        "depd": "~1.1.2",
        "encodeurl": "~1.0.2",
        "escape-html": "~1.0.3",
        "etag": "~1.8.1",
        "finalhandler": "1.1.1",
        "fresh": "0.5.2",
        "merge-descriptors": "1.0.1",
        "methods": "~1.1.2",
        "on-finished": "~2.3.0",
        "parseurl": "~1.3.2",
        "path-to-regexp": "0.1.7",
        "proxy-addr": "~2.0.3",
        "qs": "6.5.1",
        "range-parser": "~1.2.0",
        "safe-buffer": "5.1.1",
        "send": "0.16.2",
        "serve-static": "1.13.2",
        "setprototypeof": "1.1.0",
        "statuses": "~1.4.0",
        "type-is": "~1.6.16",
        "utils-merge": "1.0.1",
        "vary": "~1.1.2"
      },
      "engines": {
        "node": ">= 0.10.0"
      }
    },
    "../bootstrap/node_modules/express/node_modules/body-parser": {
      "version": "1.18.2",
      "integrity": "sha1-h2eKGdhLR9hZuDGZvVm84iKxBFQ=",
      "inBundle": true,
      "dependencies": {
        "bytes": "3.0.0",
        "content-type": "~1.0.4",
        "debug": "2.6.9",
        "depd": "~1.1.1",
        "http-errors": "~1.6.2",
        "iconv-lite": "0.4.19",
        "on-finished": "~2.3.0",
        "qs": "6.5.1",
        "raw-body": "2.3.2",
        "type-is": "~1.6.15"
      },
      "engines": {
        "node": ">= 0.8"
      }
    },
    "../bootstrap/node_modules/express/node_modules/debug": {
      "version": "2.6.9",
      "integrity": "sha512-bC7ElrdJaJnPbAP+1EotYvqZsb3ecl5wi6Bfi6BJTUcNowp6cvspg0jXznRTKDjm/E7AdgFBVeAPVMNcKGsHMA==",
      "inBundle": true,
      "dependencies": {
        "ms": "2.0.0"
      }
    },
    "../bootstrap/node_modules/express/node_modules/iconv-lite": {
      "version": "0.4.19",
      "integrity": "sha512-oTZqweIP51xaGPI4uPa56/Pri/480R+mo7SeU+YETByQNhDG55ycFyNLIgta9vXhILrxXDmF7ZGhqZIcuN0gJQ==",
      "inBundle": true,
      "engines": {
        "node": ">=0.10.0"
      }
    },
    "../bootstrap/node_modules/express/node_modules/qs": {
      "version": "6.5.1",
      "integrity": "sha512-eRzhrN1WSINYCDCbrz796z37LOe3m5tmW7RQf6oBntukAG1nmovJvhnwHHRMAfeoItc1m2Hk02WER2aQ/iqs+A==",
      "inBundle": true,
      "engines": {
        "node": ">=0.6"
      }
    },
    "../bootstrap/node_modules/express/node_modules/raw-body": {
      "version": "2.3.2",
      "integrity": "sha1-vNYMd9Prk83gBQKVw/N5OJvIj4k=",
      "inBundle": true,
      "dependencies": {
        "bytes": "3.0.0",
        "http-errors": "1.6.2",
        "iconv-lite": "0.4.19",
        "unpipe": "1.0.0"
      },
      "engines": {
        "node": ">= 0.8"
      }
    },
    "../bootstrap/node_modules/express/node_modules/raw-body/node_modules/depd": {
      "version": "1.1.1",
      "integrity": "sha1-V4O04cRZ8G+lyif5kfPQbnoxA1k=",
      "inBundle": true,
      "engines": {
        "node": ">= 0.6"
      }
    },
    "../bootstrap/node_modules/express/node_modules/raw-body/node_modules/http-errors": {
      "version": "1.6.2",
      "integrity": "sha1-CgAsyFcHGSp+eUbO7cERVfYOxzY=",
      "inBundle": true,
      "dependencies": {
        "depd": "1.1.1",
        "inherits": "2.0.3",
        "setprototypeof": "1.0.3",
        "statuses": ">= 1.3.1 < 2"
      },
      "engines": {
        "node": ">= 0.6"
      }
    },
    "../bootstrap/node_modules/express/node_modules/raw-body/node_modules/setprototypeof": {
      "version": "1.0.3",
      "integrity": "sha1-ZlZ+NwQ+608E2RvWWMDL77VbjgQ=",
      "inBundle": true
    },
    "../bootstrap/node_modules/express/node_modules/statuses": {
      "version": "1.4.0",
      "integrity": "sha512-zhSCtt8v2NDrRlPQpCNtw/heZLtfUDqxBM1udqikb/Hbk52LK4nQSwr10u77iopCW5LsyHpuXS0GnEc48mLeew==",
      "inBundle": true,
      "engines": {
        "node": ">= 0.6"
      }
    },
    "../bootstrap/node_modules/finalhandler": {
      "version": "1.1.1",
      "integrity": "sha512-Y1GUDo39ez4aHAw7MysnUD5JzYX+WaIj8I57kO3aEPT1fFRL4sr7mjei97FgnwhAyyzRYmQZaTHb2+9uZ1dPtg==",
      "inBundle": true,
      "dependencies": {
        "debug": "2.6.9",
        "encodeurl": "~1.0.2",
        "escape-html": "~1.0.3",
        "on-finished": "~2.3.0",
        "parseurl": "~1.3.2",
        "statuses": "~1.4.0",
        "unpipe": "~1.0.0"
      },
      "engines": {
        "node": ">= 0.8"
      }
    },
    "../bootstrap/node_modules/finalhandler/node_modules/debug": {
      "version": "2.6.9",
      "integrity": "sha512-bC7ElrdJaJnPbAP+1EotYvqZsb3ecl5wi6Bfi6BJTUcNowp6cvspg0jXznRTKDjm/E7AdgFBVeAPVMNcKGsHMA==",
      "inBundle": true,
      "dependencies": {
        "ms": "2.0.0"
      }
    },
    "../bootstrap/node_modules/finalhandler/node_modules/statuses": {
      "version": "1.4.0",
      "integrity": "sha512-zhSCtt8v2NDrRlPQpCNtw/heZLtfUDqxBM1udqikb/Hbk52LK4nQSwr10u77iopCW5LsyHpuXS0GnEc48mLeew==",
      "inBundle": true,
      "engines": {
        "node": ">= 0.6"
      }
    },
    "../bootstrap/node_modules/forwarded": {
      "version": "0.1.2",
      "integrity": "sha1-mMI9qxF1ZXuMBXPozszZGw/xjIQ=",
      "inBundle": true,
      "engines": {
        "node": ">= 0.6"
      }
    },
    "../bootstrap/node_modules/fresh": {
      "version": "0.5.2",
      "integrity": "sha1-PYyt2Q2XZWn6g1qx+OSyOhBWBac=",
      "inBundle": true,
      "engines": {
        "node": ">= 0.6"
      }
    },
    "../bootstrap/node_modules/http-errors": {
      "version": "1.6.3",
      "integrity": "sha1-i1VoC7S+KDoLW/TqLjhYC+HZMg0=",
      "inBundle": true,
      "dependencies": {
        "depd": "~1.1.2",
        "inherits": "2.0.3",
        "setprototypeof": "1.1.0",
        "statuses": ">= 1.4.0 < 2"
      },
      "engines": {
        "node": ">= 0.6"
      }
    },
    "../bootstrap/node_modules/http-status-codes": {
      "version": "1.3.0",
      "integrity": "sha1-nNDnE5F3PQZxtInUHLxQlKpBY7Y=",
      "inBundle": true
    },
    "../bootstrap/node_modules/iconv-lite": {
      "version": "0.4.23",
      "integrity": "sha512-neyTUVFtahjf0mB3dZT77u+8O0QB89jFdnBkd5P1JgYPbPaia3gXXOVL2fq8VyU2gMMD7SaN7QukTB/pmXYvDA==",
      "inBundle": true,
      "dependencies": {
        "safer-buffer": ">= 2.1.2 < 3"
      },
      "engines": {
        "node": ">=0.10.0"
      }
    },
    "../bootstrap/node_modules/inherits": {
      "version": "2.0.3",
      "integrity": "sha1-Yzwsg+PaQqUC9SRmAiSA9CCCYd4=",
      "inBundle": true
    },
    "../bootstrap/node_modules/ipaddr.js": {
      "version": "1.8.0",
      "integrity": "sha1-6qM9bd16zo9/b+DJygRA5wZzix4=",
      "inBundle": true,
      "engines": {
        "node": ">= 0.10"
      }
    },
    "../bootstrap/node_modules/jsonwebtoken": {
      "version": "8.3.0",
      "integrity": "sha512-oge/hvlmeJCH+iIz1DwcO7vKPkNGJHhgkspk8OH3VKlw+mbi42WtD4ig1+VXRln765vxptAv+xT26Fd3cteqag==",
      "inBundle": true,
      "dependencies": {
        "jws": "^3.1.5",
        "lodash.includes": "^4.3.0",
        "lodash.isboolean": "^3.0.3",
        "lodash.isinteger": "^4.0.4",
        "lodash.isnumber": "^3.0.3",
        "lodash.isplainobject": "^4.0.6",
        "lodash.isstring": "^4.0.1",
        "lodash.once": "^4.0.0",
        "ms": "^2.1.1"
      },
      "engines": {
        "node": ">=0.12",
        "npm": ">=1.4.28"
      }
    },
    "../bootstrap/node_modules/jsonwebtoken/node_modules/ms": {
      "version": "2.1.1",
      "integrity": "sha512-tgp+dl5cGk28utYktBsrFqA7HKgrhgPsg6Z/EfhWI4gl1Hwq8B/GmY/0oXZ6nF8hDVesS/FpnYaD/kOWhYQvyg==",
      "inBundle": true
    },
    "../bootstrap/node_modules/jwa": {
      "version": "1.1.6",
      "integrity": "sha512-tBO/cf++BUsJkYql/kBbJroKOgHWEigTKBAjjBEmrMGYd1QMBC74Hr4Wo2zCZw6ZrVhlJPvoMrkcOnlWR/DJfw==",
      "inBundle": true,
      "dependencies": {
        "buffer-equal-constant-time": "1.0.1",
        "ecdsa-sig-formatter": "1.0.10",
        "safe-buffer": "^5.0.1"
      }
    },
    "../bootstrap/node_modules/jws": {
      "version": "3.1.5",
      "integrity": "sha512-GsCSexFADNQUr8T5HPJvayTjvPIfoyJPtLQBwn5a4WZQchcrPMPMAWcC1AzJVRDKyD6ZPROPAxgv6rfHViO4uQ==",
      "inBundle": true,
      "dependencies": {
        "jwa": "^1.1.5",
        "safe-buffer": "^5.0.1"
      }
    },
    "../bootstrap/node_modules/lodash.includes": {
      "version": "4.3.0",
      "integrity": "sha1-YLuYqHy5I8aMoeUTJUgzFISfVT8=",
      "inBundle": true
    },
    "../bootstrap/node_modules/lodash.isboolean": {
      "version": "3.0.3",
      "integrity": "sha1-bC4XHbKiV82WgC/UOwGyDV9YcPY=",
      "inBundle": true
    },
    "../bootstrap/node_modules/lodash.isinteger": {
      "version": "4.0.4",
      "integrity": "sha1-YZwK89A/iwTDH1iChAt3sRzWg0M=",
      "inBundle": true
    },
    "../bootstrap/node_modules/lodash.isnumber": {
      "version": "3.0.3",
      "integrity": "sha1-POdoEMWSjQM1IwGsKHMX8RwLH/w=",
      "inBundle": true
    },
    "../bootstrap/node_modules/lodash.isplainobject": {
      "version": "4.0.6",
      "integrity": "sha1-fFJqUtibRcRcxpC4gWO+BJf1UMs=",
      "inBundle": true
    },
    "../bootstrap/node_modules/lodash.isstring": {
      "version": "4.0.1",
      "integrity": "sha1-1SfftUVuynzJu5XV2ur4i6VKVFE=",
      "inBundle": true
    },
    "../bootstrap/node_modules/lodash.once": {
      "version": "4.1.1",
      "integrity": "sha1-DdOXEhPHxW34gJd9UEyI+0cal6w=",
      "inBundle": true
    },
    "../bootstrap/node_modules/media-typer": {
      "version": "0.3.0",
      "integrity": "sha1-hxDXrwqmJvj/+hzgAWhUUmMlV0g=",
      "inBundle": true,
      "engines": {
        "node": ">= 0.6"
      }
    },
    "../bootstrap/node_modules/merge-descriptors": {
      "version": "1.0.1",
      "integrity": "sha1-sAqqVW3YtEVoFQ7J0blT8/kMu2E=",
      "inBundle": true
    },
    "../bootstrap/node_modules/methods": {
      "version": "1.1.2",
      "integrity": "sha1-VSmk1nZUE07cxSZmVoNbD4Ua/O4=",
      "inBundle": true,
      "engines": {
        "node": ">= 0.6"
      }
    },
    "../bootstrap/node_modules/mime": {
      "version": "1.4.1",
      "integrity": "sha512-KI1+qOZu5DcW6wayYHSzR/tXKCDC5Om4s1z2QJjDULzLcmf3DvzS7oluY4HCTrc+9FiKmWUgeNLg7W3uIQvxtQ==",
      "inBundle": true,
      "bin": {
        "mime": "cli.js"
      }
    },
    "../bootstrap/node_modules/mime-db": {
      "version": "1.36.0",
      "integrity": "sha512-L+xvyD9MkoYMXb1jAmzI/lWYAxAMCPvIBSWur0PZ5nOf5euahRLVqH//FKW9mWp2lkqUgYiXPgkzfMUFi4zVDw==",
      "inBundle": true,
      "engines": {
        "node": ">= 0.6"
      }
    },
    "../bootstrap/node_modules/mime-types": {
      "version": "2.1.20",
      "integrity": "sha512-HrkrPaP9vGuWbLK1B1FfgAkbqNjIuy4eHlIYnFi7kamZyLLrGlo2mpcx0bBmNpKqBtYtAfGbodDddIgddSJC2A==",
      "inBundle": true,
      "dependencies": {
        "mime-db": "~1.36.0"
      },
      "engines": {
        "node": ">= 0.6"
      }
    },
    "../bootstrap/node_modules/ms": {
      "version": "2.0.0",
      "integrity": "sha1-VgiurfwAvmwpAd9fmGF4jeDVl8g=",
      "inBundle": true
    },
    "../bootstrap/node_modules/negotiator": {
      "version": "0.6.1",
      "integrity": "sha1-KzJxhOiZIQEXeyhWP7XnECrNDKk=",
      "inBundle": true,
      "engines": {
        "node": ">= 0.6"
      }
    },
    "../bootstrap/node_modules/on-finished": {
      "version": "2.3.0",
      "integrity": "sha1-IPEzZIGwg811M3mSoWlxqi2QaUc=",
      "inBundle": true,
      "dependencies": {
        "ee-first": "1.1.1"
      },
      "engines": {
        "node": ">= 0.8"
      }
    },
    "../bootstrap/node_modules/parseurl": {
      "version": "1.3.2",
      "integrity": "sha1-/CidTtiZMRlGDBViUyYs3I3mW/M=",
      "inBundle": true,
      "engines": {
        "node": ">= 0.8"
      }
    },
    "../bootstrap/node_modules/passport": {
      "version": "0.4.0",
      "integrity": "sha1-xQlWkTR71a07XhgCOMORTRbwWBE=",
      "inBundle": true,
      "dependencies": {
        "passport-strategy": "1.x.x",
        "pause": "0.0.1"
      },
      "engines": {
        "node": ">= 0.4.0"
      }
    },
    "../bootstrap/node_modules/passport-jwt": {
      "version": "4.0.0",
      "integrity": "sha512-BwC0n2GP/1hMVjR4QpnvqA61TxenUMlmfNjYNgK0ZAs0HK4SOQkHcSv4L328blNTLtHq7DbmvyNJiH+bn6C5Mg==",
      "inBundle": true,
      "dependencies": {
        "jsonwebtoken": "^8.2.0",
        "passport-strategy": "^1.0.0"
      }
    },
    "../bootstrap/node_modules/passport-strategy": {
      "version": "1.0.0",
      "integrity": "sha1-tVOaqPwiWj0a0XlHbd8ja0QPUuQ=",
      "inBundle": true,
      "engines": {
        "node": ">= 0.4.0"
      }
    },
    "../bootstrap/node_modules/path-to-regexp": {
      "version": "0.1.7",
      "integrity": "sha1-32BBeABfUi8V60SQ5yR6G/qmf4w=",
      "inBundle": true
    },
    "../bootstrap/node_modules/pause": {
      "version": "0.0.1",
      "integrity": "sha1-HUCLP9t2kjuVQ9lvtMnf1TXZy10=",
      "inBundle": true
    },
    "../bootstrap/node_modules/proxy-addr": {
      "version": "2.0.4",
      "integrity": "sha512-5erio2h9jp5CHGwcybmxmVqHmnCBZeewlfJ0pex+UW7Qny7OOZXTtH56TGNyBizkgiOwhJtMKrVzDTeKcySZwA==",
      "inBundle": true,
      "dependencies": {
        "forwarded": "~0.1.2",
        "ipaddr.js": "1.8.0"
      },
      "engines": {
        "node": ">= 0.10"
      }
    },
    "../bootstrap/node_modules/qs": {
      "version": "6.5.2",
      "integrity": "sha512-N5ZAX4/LxJmF+7wN74pUD6qAh9/wnvdQcjq9TZjevvXzSUo7bfmw91saqMjzGS2xq91/odN2dW/WOl7qQHNDGA==",
      "inBundle": true,
      "engines": {
        "node": ">=0.6"
      }
    },
    "../bootstrap/node_modules/range-parser": {
      "version": "1.2.0",
      "integrity": "sha1-9JvmtIeJTdxA3MlKMi9hEJLgDV4=",
      "inBundle": true,
      "engines": {
        "node": ">= 0.6"
      }
    },
    "../bootstrap/node_modules/raw-body": {
      "version": "2.3.3",
      "integrity": "sha512-9esiElv1BrZoI3rCDuOuKCBRbuApGGaDPQfjSflGxdy4oyzqghxu6klEkkVIvBje+FF0BX9coEv8KqW6X/7njw==",
      "inBundle": true,
      "dependencies": {
        "bytes": "3.0.0",
        "http-errors": "1.6.3",
        "iconv-lite": "0.4.23",
        "unpipe": "1.0.0"
      },
      "engines": {
        "node": ">= 0.8"
      }
    },
    "../bootstrap/node_modules/require-dir": {
      "version": "1.0.0",
      "integrity": "sha512-PUJcQVTP4n6F8Un1GEEWhqnmBMfukVsL5gqwBxt7RF+nP+9hSOLJ/vSs5iUoXw1UWDgzqg9B/IIb15kfQKWsAQ==",
      "inBundle": true,
      "engines": {
        "node": "*"
      }
    },
    "../bootstrap/node_modules/safe-buffer": {
      "version": "5.1.1",
      "integrity": "sha512-kKvNJn6Mm93gAczWVJg7wH+wGYWNrDHdWvpUmHyEsgCtIwwo3bqPtV4tR5tuPaUhTOo/kvhVwd8XwwOllGYkbg==",
      "inBundle": true
    },
    "../bootstrap/node_modules/safer-buffer": {
      "version": "2.1.2",
      "integrity": "sha512-YZo3K82SD7Riyi0E1EQPojLz7kpepnSQI9IyPbHHg1XXXevb5dJI7tpyN2ADxGcQbHG7vcyRHk0cbwqcQriUtg==",
      "inBundle": true
    },
    "../bootstrap/node_modules/send": {
      "version": "0.16.2",
      "integrity": "sha512-E64YFPUssFHEFBvpbbjr44NCLtI1AohxQ8ZSiJjQLskAdKuriYEP6VyGEsRDH8ScozGpkaX1BGvhanqCwkcEZw==",
      "inBundle": true,
      "dependencies": {
        "debug": "2.6.9",
        "depd": "~1.1.2",
        "destroy": "~1.0.4",
        "encodeurl": "~1.0.2",
        "escape-html": "~1.0.3",
        "etag": "~1.8.1",
        "fresh": "0.5.2",
        "http-errors": "~1.6.2",
        "mime": "1.4.1",
        "ms": "2.0.0",
        "on-finished": "~2.3.0",
        "range-parser": "~1.2.0",
        "statuses": "~1.4.0"
      },
      "engines": {
        "node": ">= 0.8.0"
      }
    },
    "../bootstrap/node_modules/send/node_modules/debug": {
      "version": "2.6.9",
      "integrity": "sha512-bC7ElrdJaJnPbAP+1EotYvqZsb3ecl5wi6Bfi6BJTUcNowp6cvspg0jXznRTKDjm/E7AdgFBVeAPVMNcKGsHMA==",
      "inBundle": true,
      "dependencies": {
        "ms": "2.0.0"
      }
    },
    "../bootstrap/node_modules/send/node_modules/statuses": {
      "version": "1.4.0",
      "integrity": "sha512-zhSCtt8v2NDrRlPQpCNtw/heZLtfUDqxBM1udqikb/Hbk52LK4nQSwr10u77iopCW5LsyHpuXS0GnEc48mLeew==",
      "inBundle": true,
      "engines": {
        "node": ">= 0.6"
      }
    },
    "../bootstrap/node_modules/serve-static": {
      "version": "1.13.2",
      "integrity": "sha512-p/tdJrO4U387R9oMjb1oj7qSMaMfmOyd4j9hOFoxZe2baQszgHcSWjuya/CiT5kgZZKRudHNOA0pYXOl8rQ5nw==",
      "inBundle": true,
      "dependencies": {
        "encodeurl": "~1.0.2",
        "escape-html": "~1.0.3",
        "parseurl": "~1.3.2",
        "send": "0.16.2"
      },
      "engines": {
        "node": ">= 0.8.0"
      }
    },
    "../bootstrap/node_modules/setprototypeof": {
      "version": "1.1.0",
      "integrity": "sha512-BvE/TwpZX4FXExxOxZyRGQQv651MSwmWKZGqvmPcRIjDqWub67kTKuIMx43cZZrS/cBBzwBcNDWoFxt2XEFIpQ==",
      "inBundle": true
    },
    "../bootstrap/node_modules/statuses": {
      "version": "1.5.0",
      "integrity": "sha1-Fhx9rBd2Wf2YEfQ3cfqZOBR4Yow=",
      "inBundle": true,
      "engines": {
        "node": ">= 0.6"
      }
    },
    "../bootstrap/node_modules/type-is": {
      "version": "1.6.16",
      "integrity": "sha512-HRkVv/5qY2G6I8iab9cI7v1bOIdhm94dVjQCPFElW9W+3GeDOSHmy2EBYe4VTApuzolPcmgFTN3ftVJRKR2J9Q==",
      "inBundle": true,
      "dependencies": {
        "media-typer": "0.3.0",
        "mime-types": "~2.1.18"
      },
      "engines": {
        "node": ">= 0.6"
      }
    },
    "../bootstrap/node_modules/typescript": {
      "version": "2.9.2",
      "integrity": "sha512-Gr4p6nFNaoufRIY4NMdpQRNmgxVIGMs4Fcu/ujdYk3nAZqk7supzBE9idmvfZIlH/Cuj//dvi+019qEue9lV0w==",
      "inBundle": true,
      "bin": {
        "tsc": "bin/tsc",
        "tsserver": "bin/tsserver"
      },
      "engines": {
        "node": ">=4.2.0"
      }
    },
    "../bootstrap/node_modules/unpipe": {
      "version": "1.0.0",
      "integrity": "sha1-sr9O6FFKrmFltIF4KdIbLvSZBOw=",
      "inBundle": true,
      "engines": {
        "node": ">= 0.8"
      }
    },
    "../bootstrap/node_modules/utils-merge": {
      "version": "1.0.1",
      "integrity": "sha1-n5VxD1CiZ5R7LMwSR0HBAoQn5xM=",
      "inBundle": true,
      "engines": {
        "node": ">= 0.4.0"
      }
    },
    "../bootstrap/node_modules/vary": {
      "version": "1.1.2",
      "integrity": "sha1-IpnwLG3tMNSllhsLn3RSShj2NPw=",
      "inBundle": true,
      "engines": {
        "node": ">= 0.8"
      }
    },
    "node_modules/@andes/bootstrap": {
      "resolved": "../bootstrap",
      "link": true
    }
  },
  "dependencies": {
    "@andes/bootstrap": {
      "version": "file:../bootstrap",
      "requires": {
        "@andes/log": "^1.0.9",
        "body-parser": "^1.18.3",
        "debug": "^3.1.0",
        "express": "^4.16.3",
        "express-query-boolean": "^2.0.0",
        "http-status-codes": "^1.3.0",
        "jsonwebtoken": "^8.3.0",
        "mongoose": "^5.3.12",
        "passport": "^0.4.0",
        "passport-jwt": "^4.0.0",
        "require-dir": "^1.0.0",
        "typescript": "^2.9.2"
      },
      "dependencies": {
        "accepts": {
          "version": "1.3.5",
          "bundled": true,
          "requires": {
            "mime-types": "~2.1.18",
            "negotiator": "0.6.1"
          }
        },
        "array-flatten": {
          "version": "1.1.1",
          "bundled": true
        },
        "body-parser": {
          "version": "1.18.3",
          "bundled": true,
          "requires": {
            "bytes": "3.0.0",
            "content-type": "~1.0.4",
            "debug": "2.6.9",
            "depd": "~1.1.2",
            "http-errors": "~1.6.3",
            "iconv-lite": "0.4.23",
            "on-finished": "~2.3.0",
            "qs": "6.5.2",
            "raw-body": "2.3.3",
            "type-is": "~1.6.16"
          },
          "dependencies": {
            "debug": {
              "version": "2.6.9",
              "bundled": true,
              "requires": {
                "ms": "2.0.0"
              }
            }
          }
        },
        "buffer-equal-constant-time": {
          "version": "1.0.1",
          "bundled": true
        },
        "bytes": {
          "version": "3.0.0",
          "bundled": true
        },
        "content-disposition": {
          "version": "0.5.2",
          "bundled": true
        },
        "content-type": {
          "version": "1.0.4",
          "bundled": true
        },
        "cookie": {
          "version": "0.3.1",
          "bundled": true
        },
        "cookie-signature": {
          "version": "1.0.6",
          "bundled": true
        },
        "debug": {
          "version": "3.2.5",
          "bundled": true,
          "requires": {
            "ms": "^2.1.1"
          },
          "dependencies": {
            "ms": {
              "version": "2.1.1",
              "bundled": true
            }
          }
        },
        "depd": {
          "version": "1.1.2",
          "bundled": true
        },
        "destroy": {
          "version": "1.0.4",
          "bundled": true
        },
        "ecdsa-sig-formatter": {
          "version": "1.0.10",
          "bundled": true,
          "requires": {
            "safe-buffer": "^5.0.1"
          }
        },
        "ee-first": {
          "version": "1.1.1",
          "bundled": true
        },
        "encodeurl": {
          "version": "1.0.2",
          "bundled": true
        },
        "escape-html": {
          "version": "1.0.3",
          "bundled": true
        },
        "etag": {
          "version": "1.8.1",
          "bundled": true
        },
        "express": {
          "version": "4.16.3",
          "bundled": true,
          "requires": {
            "accepts": "~1.3.5",
            "array-flatten": "1.1.1",
            "body-parser": "1.18.2",
            "content-disposition": "0.5.2",
            "content-type": "~1.0.4",
            "cookie": "0.3.1",
            "cookie-signature": "1.0.6",
            "debug": "2.6.9",
            "depd": "~1.1.2",
            "encodeurl": "~1.0.2",
            "escape-html": "~1.0.3",
            "etag": "~1.8.1",
            "finalhandler": "1.1.1",
            "fresh": "0.5.2",
            "merge-descriptors": "1.0.1",
            "methods": "~1.1.2",
            "on-finished": "~2.3.0",
            "parseurl": "~1.3.2",
            "path-to-regexp": "0.1.7",
            "proxy-addr": "~2.0.3",
            "qs": "6.5.1",
            "range-parser": "~1.2.0",
            "safe-buffer": "5.1.1",
            "send": "0.16.2",
            "serve-static": "1.13.2",
            "setprototypeof": "1.1.0",
            "statuses": "~1.4.0",
            "type-is": "~1.6.16",
            "utils-merge": "1.0.1",
            "vary": "~1.1.2"
          },
          "dependencies": {
            "body-parser": {
              "version": "1.18.2",
              "bundled": true,
              "requires": {
                "bytes": "3.0.0",
                "content-type": "~1.0.4",
                "debug": "2.6.9",
                "depd": "~1.1.1",
                "http-errors": "~1.6.2",
                "iconv-lite": "0.4.19",
                "on-finished": "~2.3.0",
                "qs": "6.5.1",
                "raw-body": "2.3.2",
                "type-is": "~1.6.15"
              }
            },
            "debug": {
              "version": "2.6.9",
              "bundled": true,
              "requires": {
                "ms": "2.0.0"
              }
            },
            "iconv-lite": {
              "version": "0.4.19",
              "bundled": true
            },
            "qs": {
              "version": "6.5.1",
              "bundled": true
            },
            "raw-body": {
              "version": "2.3.2",
              "bundled": true,
              "requires": {
                "bytes": "3.0.0",
                "http-errors": "1.6.2",
                "iconv-lite": "0.4.19",
                "unpipe": "1.0.0"
              },
              "dependencies": {
                "depd": {
                  "version": "1.1.1",
                  "bundled": true
                },
                "http-errors": {
                  "version": "1.6.2",
                  "bundled": true,
                  "requires": {
                    "depd": "1.1.1",
                    "inherits": "2.0.3",
                    "setprototypeof": "1.0.3",
                    "statuses": ">= 1.3.1 < 2"
                  }
                },
                "setprototypeof": {
                  "version": "1.0.3",
                  "bundled": true
                }
              }
            },
            "statuses": {
              "version": "1.4.0",
              "bundled": true
            }
          }
        },
        "finalhandler": {
          "version": "1.1.1",
          "bundled": true,
          "requires": {
            "debug": "2.6.9",
            "encodeurl": "~1.0.2",
            "escape-html": "~1.0.3",
            "on-finished": "~2.3.0",
            "parseurl": "~1.3.2",
            "statuses": "~1.4.0",
            "unpipe": "~1.0.0"
          },
          "dependencies": {
            "debug": {
              "version": "2.6.9",
              "bundled": true,
              "requires": {
                "ms": "2.0.0"
              }
            },
            "statuses": {
              "version": "1.4.0",
              "bundled": true
            }
          }
        },
        "forwarded": {
          "version": "0.1.2",
          "bundled": true
        },
        "fresh": {
          "version": "0.5.2",
          "bundled": true
        },
        "http-errors": {
          "version": "1.6.3",
          "bundled": true,
          "requires": {
            "depd": "~1.1.2",
            "inherits": "2.0.3",
            "setprototypeof": "1.1.0",
            "statuses": ">= 1.4.0 < 2"
          }
        },
        "http-status-codes": {
          "version": "1.3.0",
          "bundled": true
        },
        "iconv-lite": {
          "version": "0.4.23",
          "bundled": true,
          "requires": {
            "safer-buffer": ">= 2.1.2 < 3"
          }
        },
        "inherits": {
          "version": "2.0.3",
          "bundled": true
        },
        "ipaddr.js": {
          "version": "1.8.0",
          "bundled": true
        },
        "jsonwebtoken": {
          "version": "8.3.0",
          "bundled": true,
          "requires": {
            "jws": "^3.1.5",
            "lodash.includes": "^4.3.0",
            "lodash.isboolean": "^3.0.3",
            "lodash.isinteger": "^4.0.4",
            "lodash.isnumber": "^3.0.3",
            "lodash.isplainobject": "^4.0.6",
            "lodash.isstring": "^4.0.1",
            "lodash.once": "^4.0.0",
            "ms": "^2.1.1"
          },
          "dependencies": {
            "ms": {
              "version": "2.1.1",
              "bundled": true
            }
          }
        },
        "jwa": {
          "version": "1.1.6",
          "bundled": true,
          "requires": {
            "buffer-equal-constant-time": "1.0.1",
            "ecdsa-sig-formatter": "1.0.10",
            "safe-buffer": "^5.0.1"
          }
        },
        "jws": {
          "version": "3.1.5",
          "bundled": true,
          "requires": {
            "jwa": "^1.1.5",
            "safe-buffer": "^5.0.1"
          }
        },
        "lodash.includes": {
          "version": "4.3.0",
          "bundled": true
        },
        "lodash.isboolean": {
          "version": "3.0.3",
          "bundled": true
        },
        "lodash.isinteger": {
          "version": "4.0.4",
          "bundled": true
        },
        "lodash.isnumber": {
          "version": "3.0.3",
          "bundled": true
        },
        "lodash.isplainobject": {
          "version": "4.0.6",
          "bundled": true
        },
        "lodash.isstring": {
          "version": "4.0.1",
          "bundled": true
        },
        "lodash.once": {
          "version": "4.1.1",
          "bundled": true
        },
        "media-typer": {
          "version": "0.3.0",
          "bundled": true
        },
        "merge-descriptors": {
          "version": "1.0.1",
          "bundled": true
        },
        "methods": {
          "version": "1.1.2",
          "bundled": true
        },
        "mime": {
          "version": "1.4.1",
          "bundled": true
        },
        "mime-db": {
          "version": "1.36.0",
          "bundled": true
        },
        "mime-types": {
          "version": "2.1.20",
          "bundled": true,
          "requires": {
            "mime-db": "~1.36.0"
          }
        },
        "ms": {
          "version": "2.0.0",
          "bundled": true
        },
        "negotiator": {
          "version": "0.6.1",
          "bundled": true
        },
        "on-finished": {
          "version": "2.3.0",
          "bundled": true,
          "requires": {
            "ee-first": "1.1.1"
          }
        },
        "parseurl": {
          "version": "1.3.2",
          "bundled": true
        },
        "passport": {
          "version": "0.4.0",
          "bundled": true,
          "requires": {
            "passport-strategy": "1.x.x",
            "pause": "0.0.1"
          }
        },
        "passport-jwt": {
          "version": "4.0.0",
          "bundled": true,
          "requires": {
            "jsonwebtoken": "^8.2.0",
            "passport-strategy": "^1.0.0"
          }
        },
        "passport-strategy": {
          "version": "1.0.0",
          "bundled": true
        },
        "path-to-regexp": {
          "version": "0.1.7",
          "bundled": true
        },
        "pause": {
          "version": "0.0.1",
          "bundled": true
        },
        "proxy-addr": {
          "version": "2.0.4",
          "bundled": true,
          "requires": {
            "forwarded": "~0.1.2",
            "ipaddr.js": "1.8.0"
          }
        },
        "qs": {
          "version": "6.5.2",
          "bundled": true
        },
        "range-parser": {
          "version": "1.2.0",
          "bundled": true
        },
        "raw-body": {
          "version": "2.3.3",
          "bundled": true,
          "requires": {
            "bytes": "3.0.0",
            "http-errors": "1.6.3",
            "iconv-lite": "0.4.23",
            "unpipe": "1.0.0"
          }
        },
        "require-dir": {
          "version": "1.0.0",
          "bundled": true
        },
        "safe-buffer": {
          "version": "5.1.1",
          "bundled": true
        },
        "safer-buffer": {
          "version": "2.1.2",
          "bundled": true
        },
        "send": {
          "version": "0.16.2",
          "bundled": true,
          "requires": {
            "debug": "2.6.9",
            "depd": "~1.1.2",
            "destroy": "~1.0.4",
            "encodeurl": "~1.0.2",
            "escape-html": "~1.0.3",
            "etag": "~1.8.1",
            "fresh": "0.5.2",
            "http-errors": "~1.6.2",
            "mime": "1.4.1",
            "ms": "2.0.0",
            "on-finished": "~2.3.0",
            "range-parser": "~1.2.0",
            "statuses": "~1.4.0"
          },
          "dependencies": {
            "debug": {
              "version": "2.6.9",
              "bundled": true,
              "requires": {
                "ms": "2.0.0"
              }
            },
            "statuses": {
              "version": "1.4.0",
              "bundled": true
            }
          }
        },
        "serve-static": {
          "version": "1.13.2",
          "bundled": true,
          "requires": {
            "encodeurl": "~1.0.2",
            "escape-html": "~1.0.3",
            "parseurl": "~1.3.2",
            "send": "0.16.2"
          }
        },
        "setprototypeof": {
          "version": "1.1.0",
          "bundled": true
        },
        "statuses": {
          "version": "1.5.0",
          "bundled": true
        },
        "type-is": {
          "version": "1.6.16",
          "bundled": true,
          "requires": {
            "media-typer": "0.3.0",
            "mime-types": "~2.1.18"
          }
        },
        "typescript": {
          "version": "2.9.2",
          "bundled": true
        },
        "unpipe": {
          "version": "1.0.0",
          "bundled": true
        },
        "utils-merge": {
          "version": "1.0.1",
          "bundled": true
        },
        "vary": {
          "version": "1.1.2",
          "bundled": true
        }
      }
    }
  }
}
